
Microsoft Visual Studio Solution File, Format Version 12.00
# Visual Studio Version 17
VisualStudioVersion = 17.5.33627.172
MinimumVisualStudioVersion = 10.0.40219.1
Project("{9A19103F-16F7-4668-BE54-9A1E7A4F7556}") = "SWAPI_POC", "SWAPI_POC\SWAPI_POC.csproj", "{FCBFB6EE-4A3C-47B9-9000-ACC03BF4CC25}"
EndProject
Project("{9A19103F-16F7-4668-BE54-9A1E7A4F7556}") = "SWAPI_POC_Core", "SWAPI_POC_Core\SWAPI_POC_Core.csproj", "{87E300B1-4507-49E3-B1D5-ECFE0F0AE9E4}"
EndProject
Project("{FAE04EC0-301F-11D3-BF4B-00C04F79EFBC}") = "SWAPI_POC.Tests", "SWAPI_POCTests1\SWAPI_POC.Tests.csproj", "{1CA31ADF-4729-4905-88C9-B23C7534B6E6}"
EndProject
Global
	GlobalSection(SolutionConfigurationPlatforms) = preSolution
		Debug|Any CPU = Debug|Any CPU
		Release|Any CPU = Release|Any CPU
	EndGlobalSection
	GlobalSection(ProjectConfigurationPlatforms) = postSolution
		{FCBFB6EE-4A3C-47B9-9000-ACC03BF4CC25}.Debug|Any CPU.ActiveCfg = Debug|Any CPU
		{FCBFB6EE-4A3C-47B9-9000-ACC03BF4CC25}.Debug|Any CPU.Build.0 = Debug|Any CPU
		{FCBFB6EE-4A3C-47B9-9000-ACC03BF4CC25}.Release|Any CPU.ActiveCfg = Release|Any CPU
		{FCBFB6EE-4A3C-47B9-9000-ACC03BF4CC25}.Release|Any CPU.Build.0 = Release|Any CPU
		{87E300B1-4507-49E3-B1D5-ECFE0F0AE9E4}.Debug|Any CPU.ActiveCfg = Debug|Any CPU
		{87E300B1-4507-49E3-B1D5-ECFE0F0AE9E4}.Debug|Any CPU.Build.0 = Debug|Any CPU
		{87E300B1-4507-49E3-B1D5-ECFE0F0AE9E4}.Release|Any CPU.ActiveCfg = Release|Any CPU
		{87E300B1-4507-49E3-B1D5-ECFE0F0AE9E4}.Release|Any CPU.Build.0 = Release|Any CPU
		{1CA31ADF-4729-4905-88C9-B23C7534B6E6}.Debug|Any CPU.ActiveCfg = Debug|Any CPU
		{1CA31ADF-4729-4905-88C9-B23C7534B6E6}.Debug|Any CPU.Build.0 = Debug|Any CPU
		{1CA31ADF-4729-4905-88C9-B23C7534B6E6}.Release|Any CPU.ActiveCfg = Release|Any CPU
		{1CA31ADF-4729-4905-88C9-B23C7534B6E6}.Release|Any CPU.Build.0 = Release|Any CPU
	EndGlobalSection
	GlobalSection(SolutionProperties) = preSolution
		HideSolutionNode = FALSE
	EndGlobalSection
	GlobalSection(ExtensibilityGlobals) = postSolution
		SolutionGuid = {145792D2-B61C-430F-B9BF-2D01857F1A7B}
	EndGlobalSection
EndGlobal
